
Microsoft Visual Studio Solution File, Format Version 12.00
# Visual Studio Version 16
VisualStudioVersion = 16.0.29411.108
MinimumVisualStudioVersion = 10.0.40219.1
Project("{9A19103F-16F7-4668-BE54-9A1E7A4F7556}") = "Typer.API", "Typer.API\Typer.API.csproj", "{6A2DAADD-87A7-4800-A3B7-24B566FDAE50}"
EndProject
Project("{9A19103F-16F7-4668-BE54-9A1E7A4F7556}") = "Typer.Infrastructure", "Typer.Infrastructure\Typer.Infrastructure.csproj", "{858ACEE2-2DFF-4E65-968C-FC4E56A28507}"
EndProject
Project("{9A19103F-16F7-4668-BE54-9A1E7A4F7556}") = "Typer.Domain", "Typer.Domain\Typer.Domain.csproj", "{1FA58E7E-513F-4EF5-B90A-40EC8A80166B}"
EndProject
Project("{9A19103F-16F7-4668-BE54-9A1E7A4F7556}") = "Typer.Application", "Typer.Application\Typer.Application.csproj", "{9EA47EAA-0190-49F2-A831-405CFD13B792}"
EndProject
Project("{FAE04EC0-301F-11D3-BF4B-00C04F79EFBC}") = "Typer.Tests", "Typer.Tests\Typer.Tests.csproj", "{358D1B57-FB21-4A3E-A191-0FFC625EA32E}"
EndProject
Global
	GlobalSection(SolutionConfigurationPlatforms) = preSolution
		Debug|Any CPU = Debug|Any CPU
		Release|Any CPU = Release|Any CPU
	EndGlobalSection
	GlobalSection(ProjectConfigurationPlatforms) = postSolution
		{6A2DAADD-87A7-4800-A3B7-24B566FDAE50}.Debug|Any CPU.ActiveCfg = Debug|Any CPU
		{6A2DAADD-87A7-4800-A3B7-24B566FDAE50}.Debug|Any CPU.Build.0 = Debug|Any CPU
		{6A2DAADD-87A7-4800-A3B7-24B566FDAE50}.Release|Any CPU.ActiveCfg = Release|Any CPU
		{6A2DAADD-87A7-4800-A3B7-24B566FDAE50}.Release|Any CPU.Build.0 = Release|Any CPU
		{858ACEE2-2DFF-4E65-968C-FC4E56A28507}.Debug|Any CPU.ActiveCfg = Debug|Any CPU
		{858ACEE2-2DFF-4E65-968C-FC4E56A28507}.Debug|Any CPU.Build.0 = Debug|Any CPU
		{858ACEE2-2DFF-4E65-968C-FC4E56A28507}.Release|Any CPU.ActiveCfg = Release|Any CPU
		{858ACEE2-2DFF-4E65-968C-FC4E56A28507}.Release|Any CPU.Build.0 = Release|Any CPU
		{1FA58E7E-513F-4EF5-B90A-40EC8A80166B}.Debug|Any CPU.ActiveCfg = Debug|Any CPU
		{1FA58E7E-513F-4EF5-B90A-40EC8A80166B}.Debug|Any CPU.Build.0 = Debug|Any CPU
		{1FA58E7E-513F-4EF5-B90A-40EC8A80166B}.Release|Any CPU.ActiveCfg = Release|Any CPU
		{1FA58E7E-513F-4EF5-B90A-40EC8A80166B}.Release|Any CPU.Build.0 = Release|Any CPU
		{9EA47EAA-0190-49F2-A831-405CFD13B792}.Debug|Any CPU.ActiveCfg = Debug|Any CPU
		{9EA47EAA-0190-49F2-A831-405CFD13B792}.Debug|Any CPU.Build.0 = Debug|Any CPU
		{9EA47EAA-0190-49F2-A831-405CFD13B792}.Release|Any CPU.ActiveCfg = Release|Any CPU
		{9EA47EAA-0190-49F2-A831-405CFD13B792}.Release|Any CPU.Build.0 = Release|Any CPU
		{358D1B57-FB21-4A3E-A191-0FFC625EA32E}.Debug|Any CPU.ActiveCfg = Debug|Any CPU
		{358D1B57-FB21-4A3E-A191-0FFC625EA32E}.Debug|Any CPU.Build.0 = Debug|Any CPU
		{358D1B57-FB21-4A3E-A191-0FFC625EA32E}.Release|Any CPU.ActiveCfg = Release|Any CPU
		{358D1B57-FB21-4A3E-A191-0FFC625EA32E}.Release|Any CPU.Build.0 = Release|Any CPU
	EndGlobalSection
	GlobalSection(SolutionProperties) = preSolution
		HideSolutionNode = FALSE
	EndGlobalSection
	GlobalSection(ExtensibilityGlobals) = postSolution
		SolutionGuid = {C3686389-1F21-45AE-B92D-0D561927D2E5}
	EndGlobalSection
EndGlobal
